
Microsoft Visual Studio Solution File, Format Version 12.00
# Visual Studio 2012
Project("{FAE04EC0-301F-11D3-BF4B-00C04F79EFBC}") = "DNAAndRNSEncryption", "DNAAndRNSEncryption\DNAAndRNSEncryption.csproj", "{46A310BF-BB85-440F-AB92-AF51E4C84499}"
EndProject
Global
	GlobalSection(SolutionConfigurationPlatforms) = preSolution
		Debug|Any CPU = Debug|Any CPU
		Release|Any CPU = Release|Any CPU
	EndGlobalSection
	GlobalSection(ProjectConfigurationPlatforms) = postSolution
		{46A310BF-BB85-440F-AB92-AF51E4C84499}.Debug|Any CPU.ActiveCfg = Debug|Any CPU
		{46A310BF-BB85-440F-AB92-AF51E4C84499}.Debug|Any CPU.Build.0 = Debug|Any CPU
		{46A310BF-BB85-440F-AB92-AF51E4C84499}.Release|Any CPU.ActiveCfg = Release|Any CPU
		{46A310BF-BB85-440F-AB92-AF51E4C84499}.Release|Any CPU.Build.0 = Release|Any CPU
	EndGlobalSection
	GlobalSection(SolutionProperties) = preSolution
		HideSolutionNode = FALSE
	EndGlobalSection
EndGlobal
